# Renzora plugin ABI lock — generated by `cargo run -p abi_hash -- update`.
# The hash gates dlopen'd distribution plugins. It is a function of EXACTLY
# three inputs and changes only when one of them does:
#   1. bevy version   2. rust toolchain   3. the curated bevy feature set
# Do not edit by hand; run `cargo run -p abi_hash -- update` to refresh.

hash = "3bbffe3e96cbadf859829a69319e3f75"
bevy_version = "0.19.0"
rustc = "1.95.0 59807616e1fa2540724bfbac14d7976d7e4a3860"
features = [
    "area_light_luts",
    "asset_processor",
    "audio-all-formats",
    "basis-universal",
    "bevy_camera_controller",
    "bevy_feathers",
    "bevy_post_process",
    "bevy_remote",
    "bevy_settings",
    "bevy_solari",
    "bluenoise_texture",
    "bmp",
    "clipboard_image",
    "compressed_image_saver",
    "dds",
    "dfg_lut",
    "experimental_pbr_pcss",
    "exr",
    "ff",
    "file_watcher",
    "free_camera",
    "ghost_nodes",
    "gif",
    "http",
    "https",
    "ico",
    "jpeg",
    "meshlet",
    "meshlet_processor",
    "morph",
    "morph_animation",
    "pan_camera",
    "pbr_anisotropy_texture",
    "pbr_clustered_decals",
    "pbr_light_textures",
    "pbr_multi_layer_material_textures",
    "pbr_specular_textures",
    "pbr_transmission_textures",
    "pnm",
    "qoi",
    "reflect_documentation",
    "reflect_functions",
    "serialize",
    "shader_format_glsl",
    "shader_format_spirv",
    "shader_format_wesl",
    "sysinfo_plugin",
    "system_clipboard",
    "system_font_discovery",
    "tga",
    "tiff",
    "trace_tracy",
    "web_asset_cache",
    "webp",
    "zlib",
]
